
Microsoft Visual Studio Solution File, Format Version 12.00
# Visual Studio Version 16
VisualStudioVersion = 16.0.30523.141
MinimumVisualStudioVersion = 10.0.40219.1
Project("{2150E333-8FDC-42A3-9474-1A3956D46DE8}") = "Excel", "Excel", "{7851F337-C481-4B7A-A549-E39EA6DE12E7}"
EndProject
Project("{9A19103F-16F7-4668-BE54-9A1E7A4F7556}") = "Выделение жирным шрифтом", "Excel\Выделение жирным шрифтом\Выделение жирным шрифтом.csproj", "{0FFE5490-B27A-4BE0-8C4A-904ED8FD3829}"
EndProject
Project("{9A19103F-16F7-4668-BE54-9A1E7A4F7556}") = "Запись в отдельное поле", "Excel\Запись в отдельное поле\Запись в отдельное поле.csproj", "{E3606E62-D9C0-47B5-AABE-5B760C751CE1}"
EndProject
Project("{9A19103F-16F7-4668-BE54-9A1E7A4F7556}") = "Расчерчивание границы", "Excel\Расчерчивание границы\Расчерчивание границы.csproj", "{52B0241B-85D7-4F21-BA4F-CB0CCBD51FE5}"
EndProject
Project("{9A19103F-16F7-4668-BE54-9A1E7A4F7556}") = "Создание нового листа", "Excel\Создание нового листа\Создание нового листа.csproj", "{CA99DAC2-DAB4-4780-ADBD-E2B06941E4DE}"
EndProject
Project("{9A19103F-16F7-4668-BE54-9A1E7A4F7556}") = "Чтение из Excel (FileInfo)", "Excel\Чтение из Excel (FileInfo)\Чтение из Excel (FileInfo).csproj", "{0D84E3E7-0CE8-4678-A3C2-F2FA5949D241}"
EndProject
Project("{9A19103F-16F7-4668-BE54-9A1E7A4F7556}") = "Чтение из Excel (String)", "Excel\Чтение из Excel (String)\Чтение из Excel (String).csproj", "{3E740573-1C46-46C6-AC39-4BFAC0D197AF}"
EndProject
Project("{9A19103F-16F7-4668-BE54-9A1E7A4F7556}") = "Запись таблицы DataTable в лист Excel", "Excel\Запись таблицы DataTable в лист Excel\Запись таблицы DataTable в лист Excel.csproj", "{0622B2D0-2705-49C6-9C26-466359212444}"
EndProject
Project("{2150E333-8FDC-42A3-9474-1A3956D46DE8}") = "CSV", "CSV", "{01508C80-3280-47BE-9D31-C118132E3DE3}"
EndProject
Project("{9A19103F-16F7-4668-BE54-9A1E7A4F7556}") = "Чтение CSV", "CSV\Чтение CSV\Чтение CSV.csproj", "{A63A76C5-6779-41AB-A445-7E9556C5088B}"
EndProject
Project("{9A19103F-16F7-4668-BE54-9A1E7A4F7556}") = "Запись в CSV", "CSV\Запись в CSV\Запись в CSV.csproj", "{5493FD36-461D-43D1-B035-F57B84F4F2C0}"
EndProject
Project("{2150E333-8FDC-42A3-9474-1A3956D46DE8}") = "Email", "Email", "{0E4A3D42-01A2-42CC-8910-E1412E460A53}"
EndProject
Project("{9A19103F-16F7-4668-BE54-9A1E7A4F7556}") = "Получение непрочитанных писем", "Email\Получение непрочитанных писем\Получение непрочитанных писем.csproj", "{77A1281F-42AE-4AD7-AEC1-3D86E140BF22}"
EndProject
Project("{2150E333-8FDC-42A3-9474-1A3956D46DE8}") = "Конфигурирование", "Конфигурирование", "{876E0C58-18C8-42EB-941A-4AED7708A8BB}"
EndProject
Project("{9A19103F-16F7-4668-BE54-9A1E7A4F7556}") = "Настройки в json", "Конфигурирование\Настройки в json\Настройки в json.csproj", "{25B3A35A-DB59-42DB-B3E7-E808BAE9853F}"
EndProject
Project("{9A19103F-16F7-4668-BE54-9A1E7A4F7556}") = "Получение непрочитанных писем 2", "Email\Получение непрочитанных писем 2\Получение непрочитанных писем 2.csproj", "{18E98CA4-D502-4D99-9A5E-B4D1A64972EF}"
EndProject
Project("{9A19103F-16F7-4668-BE54-9A1E7A4F7556}") = "Отправка письма", "Email\Отправка письма\Отправка письма.csproj", "{B117CDC9-5CB7-4217-A9FC-FC4BC91F2F09}"
EndProject
Global
	GlobalSection(SolutionConfigurationPlatforms) = preSolution
		Debug|Any CPU = Debug|Any CPU
		Release|Any CPU = Release|Any CPU
	EndGlobalSection
	GlobalSection(ProjectConfigurationPlatforms) = postSolution
		{0FFE5490-B27A-4BE0-8C4A-904ED8FD3829}.Debug|Any CPU.ActiveCfg = Debug|Any CPU
		{0FFE5490-B27A-4BE0-8C4A-904ED8FD3829}.Debug|Any CPU.Build.0 = Debug|Any CPU
		{0FFE5490-B27A-4BE0-8C4A-904ED8FD3829}.Release|Any CPU.ActiveCfg = Release|Any CPU
		{0FFE5490-B27A-4BE0-8C4A-904ED8FD3829}.Release|Any CPU.Build.0 = Release|Any CPU
		{E3606E62-D9C0-47B5-AABE-5B760C751CE1}.Debug|Any CPU.ActiveCfg = Debug|Any CPU
		{E3606E62-D9C0-47B5-AABE-5B760C751CE1}.Debug|Any CPU.Build.0 = Debug|Any CPU
		{E3606E62-D9C0-47B5-AABE-5B760C751CE1}.Release|Any CPU.ActiveCfg = Release|Any CPU
		{E3606E62-D9C0-47B5-AABE-5B760C751CE1}.Release|Any CPU.Build.0 = Release|Any CPU
		{52B0241B-85D7-4F21-BA4F-CB0CCBD51FE5}.Debug|Any CPU.ActiveCfg = Debug|Any CPU
		{52B0241B-85D7-4F21-BA4F-CB0CCBD51FE5}.Debug|Any CPU.Build.0 = Debug|Any CPU
		{52B0241B-85D7-4F21-BA4F-CB0CCBD51FE5}.Release|Any CPU.ActiveCfg = Release|Any CPU
		{52B0241B-85D7-4F21-BA4F-CB0CCBD51FE5}.Release|Any CPU.Build.0 = Release|Any CPU
		{CA99DAC2-DAB4-4780-ADBD-E2B06941E4DE}.Debug|Any CPU.ActiveCfg = Debug|Any CPU
		{CA99DAC2-DAB4-4780-ADBD-E2B06941E4DE}.Debug|Any CPU.Build.0 = Debug|Any CPU
		{CA99DAC2-DAB4-4780-ADBD-E2B06941E4DE}.Release|Any CPU.ActiveCfg = Release|Any CPU
		{CA99DAC2-DAB4-4780-ADBD-E2B06941E4DE}.Release|Any CPU.Build.0 = Release|Any CPU
		{0D84E3E7-0CE8-4678-A3C2-F2FA5949D241}.Debug|Any CPU.ActiveCfg = Debug|Any CPU
		{0D84E3E7-0CE8-4678-A3C2-F2FA5949D241}.Debug|Any CPU.Build.0 = Debug|Any CPU
		{0D84E3E7-0CE8-4678-A3C2-F2FA5949D241}.Release|Any CPU.ActiveCfg = Release|Any CPU
		{0D84E3E7-0CE8-4678-A3C2-F2FA5949D241}.Release|Any CPU.Build.0 = Release|Any CPU
		{3E740573-1C46-46C6-AC39-4BFAC0D197AF}.Debug|Any CPU.ActiveCfg = Debug|Any CPU
		{3E740573-1C46-46C6-AC39-4BFAC0D197AF}.Debug|Any CPU.Build.0 = Debug|Any CPU
		{3E740573-1C46-46C6-AC39-4BFAC0D197AF}.Release|Any CPU.ActiveCfg = Release|Any CPU
		{3E740573-1C46-46C6-AC39-4BFAC0D197AF}.Release|Any CPU.Build.0 = Release|Any CPU
		{0622B2D0-2705-49C6-9C26-466359212444}.Debug|Any CPU.ActiveCfg = Debug|Any CPU
		{0622B2D0-2705-49C6-9C26-466359212444}.Debug|Any CPU.Build.0 = Debug|Any CPU
		{0622B2D0-2705-49C6-9C26-466359212444}.Release|Any CPU.ActiveCfg = Release|Any CPU
		{0622B2D0-2705-49C6-9C26-466359212444}.Release|Any CPU.Build.0 = Release|Any CPU
		{A63A76C5-6779-41AB-A445-7E9556C5088B}.Debug|Any CPU.ActiveCfg = Debug|Any CPU
		{A63A76C5-6779-41AB-A445-7E9556C5088B}.Debug|Any CPU.Build.0 = Debug|Any CPU
		{A63A76C5-6779-41AB-A445-7E9556C5088B}.Release|Any CPU.ActiveCfg = Release|Any CPU
		{A63A76C5-6779-41AB-A445-7E9556C5088B}.Release|Any CPU.Build.0 = Release|Any CPU
		{5493FD36-461D-43D1-B035-F57B84F4F2C0}.Debug|Any CPU.ActiveCfg = Debug|Any CPU
		{5493FD36-461D-43D1-B035-F57B84F4F2C0}.Debug|Any CPU.Build.0 = Debug|Any CPU
		{5493FD36-461D-43D1-B035-F57B84F4F2C0}.Release|Any CPU.ActiveCfg = Release|Any CPU
		{5493FD36-461D-43D1-B035-F57B84F4F2C0}.Release|Any CPU.Build.0 = Release|Any CPU
		{77A1281F-42AE-4AD7-AEC1-3D86E140BF22}.Debug|Any CPU.ActiveCfg = Debug|Any CPU
		{77A1281F-42AE-4AD7-AEC1-3D86E140BF22}.Debug|Any CPU.Build.0 = Debug|Any CPU
		{77A1281F-42AE-4AD7-AEC1-3D86E140BF22}.Release|Any CPU.ActiveCfg = Release|Any CPU
		{77A1281F-42AE-4AD7-AEC1-3D86E140BF22}.Release|Any CPU.Build.0 = Release|Any CPU
		{25B3A35A-DB59-42DB-B3E7-E808BAE9853F}.Debug|Any CPU.ActiveCfg = Debug|Any CPU
		{25B3A35A-DB59-42DB-B3E7-E808BAE9853F}.Debug|Any CPU.Build.0 = Debug|Any CPU
		{25B3A35A-DB59-42DB-B3E7-E808BAE9853F}.Release|Any CPU.ActiveCfg = Release|Any CPU
		{25B3A35A-DB59-42DB-B3E7-E808BAE9853F}.Release|Any CPU.Build.0 = Release|Any CPU
		{18E98CA4-D502-4D99-9A5E-B4D1A64972EF}.Debug|Any CPU.ActiveCfg = Debug|Any CPU
		{18E98CA4-D502-4D99-9A5E-B4D1A64972EF}.Debug|Any CPU.Build.0 = Debug|Any CPU
		{18E98CA4-D502-4D99-9A5E-B4D1A64972EF}.Release|Any CPU.ActiveCfg = Release|Any CPU
		{18E98CA4-D502-4D99-9A5E-B4D1A64972EF}.Release|Any CPU.Build.0 = Release|Any CPU
		{B117CDC9-5CB7-4217-A9FC-FC4BC91F2F09}.Debug|Any CPU.ActiveCfg = Debug|Any CPU
		{B117CDC9-5CB7-4217-A9FC-FC4BC91F2F09}.Debug|Any CPU.Build.0 = Debug|Any CPU
		{B117CDC9-5CB7-4217-A9FC-FC4BC91F2F09}.Release|Any CPU.ActiveCfg = Release|Any CPU
		{B117CDC9-5CB7-4217-A9FC-FC4BC91F2F09}.Release|Any CPU.Build.0 = Release|Any CPU
	EndGlobalSection
	GlobalSection(SolutionProperties) = preSolution
		HideSolutionNode = FALSE
	EndGlobalSection
	GlobalSection(NestedProjects) = preSolution
		{0FFE5490-B27A-4BE0-8C4A-904ED8FD3829} = {7851F337-C481-4B7A-A549-E39EA6DE12E7}
		{E3606E62-D9C0-47B5-AABE-5B760C751CE1} = {7851F337-C481-4B7A-A549-E39EA6DE12E7}
		{52B0241B-85D7-4F21-BA4F-CB0CCBD51FE5} = {7851F337-C481-4B7A-A549-E39EA6DE12E7}
		{CA99DAC2-DAB4-4780-ADBD-E2B06941E4DE} = {7851F337-C481-4B7A-A549-E39EA6DE12E7}
		{0D84E3E7-0CE8-4678-A3C2-F2FA5949D241} = {7851F337-C481-4B7A-A549-E39EA6DE12E7}
		{3E740573-1C46-46C6-AC39-4BFAC0D197AF} = {7851F337-C481-4B7A-A549-E39EA6DE12E7}
		{0622B2D0-2705-49C6-9C26-466359212444} = {7851F337-C481-4B7A-A549-E39EA6DE12E7}
		{A63A76C5-6779-41AB-A445-7E9556C5088B} = {01508C80-3280-47BE-9D31-C118132E3DE3}
		{5493FD36-461D-43D1-B035-F57B84F4F2C0} = {01508C80-3280-47BE-9D31-C118132E3DE3}
		{77A1281F-42AE-4AD7-AEC1-3D86E140BF22} = {0E4A3D42-01A2-42CC-8910-E1412E460A53}
		{25B3A35A-DB59-42DB-B3E7-E808BAE9853F} = {876E0C58-18C8-42EB-941A-4AED7708A8BB}
		{18E98CA4-D502-4D99-9A5E-B4D1A64972EF} = {0E4A3D42-01A2-42CC-8910-E1412E460A53}
		{B117CDC9-5CB7-4217-A9FC-FC4BC91F2F09} = {0E4A3D42-01A2-42CC-8910-E1412E460A53}
	EndGlobalSection
	GlobalSection(ExtensibilityGlobals) = postSolution
		SolutionGuid = {650EC797-C771-4943-A2B1-889572DA40D0}
	EndGlobalSection
EndGlobal
